
Microsoft Visual Studio Solution File, Format Version 12.00
# Visual Studio Version 17
VisualStudioVersion = 17.0.32014.148
MinimumVisualStudioVersion = 10.0.40219.1
Project("{FAE04EC0-301F-11D3-BF4B-00C04F79EFBC}") = "finance-api", "finance-api\finance-api.csproj", "{D86ED4BE-313F-4530-90C6-CEC26BBDB284}"
EndProject
Global
	GlobalSection(SolutionConfigurationPlatforms) = preSolution
		Debug|Any CPU = Debug|Any CPU
		Release|Any CPU = Release|Any CPU
	EndGlobalSection
	GlobalSection(ProjectConfigurationPlatforms) = postSolution
		{D86ED4BE-313F-4530-90C6-CEC26BBDB284}.Debug|Any CPU.ActiveCfg = Debug|Any CPU
		{D86ED4BE-313F-4530-90C6-CEC26BBDB284}.Debug|Any CPU.Build.0 = Debug|Any CPU
		{D86ED4BE-313F-4530-90C6-CEC26BBDB284}.Release|Any CPU.ActiveCfg = Release|Any CPU
		{D86ED4BE-313F-4530-90C6-CEC26BBDB284}.Release|Any CPU.Build.0 = Release|Any CPU
	EndGlobalSection
	GlobalSection(SolutionProperties) = preSolution
		HideSolutionNode = FALSE
	EndGlobalSection
	GlobalSection(ExtensibilityGlobals) = postSolution
		SolutionGuid = {50FE7D41-5459-4FAA-AC29-92ABE8B0454D}
	EndGlobalSection
EndGlobal
